{
  "name": "puml-parser",
  "lockfileVersion": 3,
  "requires": true,
  "packages": {
    "": {
      "dependencies": {
        "@tauri-apps/api": "^2.1.0"
      }
    },
    "node_modules/@tauri-apps/api": {
      "version": "2.1.0",
      "resolved": "https://registry.npmjs.org/@tauri-apps/api/-/api-2.1.0.tgz",
      "integrity": "sha512-1w/JygZOiUtdOU7qart78MaB4/qayZ2heB793KhbZRS7I9q4sxXcXaB7He6uFlprD8w5TI9P8HCuEByCvWRtfw==",
      "license": "Apache-2.0 OR MIT",
      "funding": {
        "type": "opencollective",
        "url": "https://opencollective.com/tauri"
      }
    }
  }
}
